
Microsoft Visual Studio Solution File, Format Version 12.00
# Visual Studio Version 17
VisualStudioVersion = 17.7.34024.191
MinimumVisualStudioVersion = 10.0.40219.1
Project("{9A19103F-16F7-4668-BE54-9A1E7A4F7556}") = "dynamicMenu", "dynamicMenu\dynamicMenu.csproj", "{DBA422F1-8F8C-477F-A5F4-960BD836C3B1}"
EndProject
Project("{9A19103F-16F7-4668-BE54-9A1E7A4F7556}") = "PrimeNumber", "PrimeNumber\PrimeNumber.csproj", "{FC5805FD-A601-412F-B04B-3DFA7E70B04A}"
EndProject
Project("{9A19103F-16F7-4668-BE54-9A1E7A4F7556}") = "orderDrink", "orderDrink\orderDrink.csproj", "{6EFDDBE4-A604-4FB8-A817-90448264FF87}"
EndProject
Project("{9A19103F-16F7-4668-BE54-9A1E7A4F7556}") = "TriangleCheck", "TriangleCheck\TriangleCheck.csproj", "{BB6772F5-6E43-4A92-925D-4E3F85466923}"
EndProject
Project("{9A19103F-16F7-4668-BE54-9A1E7A4F7556}") = "painterDraw", "painterDraw\painterDraw.csproj", "{FFEEB780-C51F-4465-994E-548F67C22F78}"
EndProject
Global
	GlobalSection(SolutionConfigurationPlatforms) = preSolution
		Debug|Any CPU = Debug|Any CPU
		Release|Any CPU = Release|Any CPU
	EndGlobalSection
	GlobalSection(ProjectConfigurationPlatforms) = postSolution
		{DBA422F1-8F8C-477F-A5F4-960BD836C3B1}.Debug|Any CPU.ActiveCfg = Debug|Any CPU
		{DBA422F1-8F8C-477F-A5F4-960BD836C3B1}.Debug|Any CPU.Build.0 = Debug|Any CPU
		{DBA422F1-8F8C-477F-A5F4-960BD836C3B1}.Release|Any CPU.ActiveCfg = Release|Any CPU
		{DBA422F1-8F8C-477F-A5F4-960BD836C3B1}.Release|Any CPU.Build.0 = Release|Any CPU
		{FC5805FD-A601-412F-B04B-3DFA7E70B04A}.Debug|Any CPU.ActiveCfg = Debug|Any CPU
		{FC5805FD-A601-412F-B04B-3DFA7E70B04A}.Debug|Any CPU.Build.0 = Debug|Any CPU
		{FC5805FD-A601-412F-B04B-3DFA7E70B04A}.Release|Any CPU.ActiveCfg = Release|Any CPU
		{FC5805FD-A601-412F-B04B-3DFA7E70B04A}.Release|Any CPU.Build.0 = Release|Any CPU
		{6EFDDBE4-A604-4FB8-A817-90448264FF87}.Debug|Any CPU.ActiveCfg = Debug|Any CPU
		{6EFDDBE4-A604-4FB8-A817-90448264FF87}.Debug|Any CPU.Build.0 = Debug|Any CPU
		{6EFDDBE4-A604-4FB8-A817-90448264FF87}.Release|Any CPU.ActiveCfg = Release|Any CPU
		{6EFDDBE4-A604-4FB8-A817-90448264FF87}.Release|Any CPU.Build.0 = Release|Any CPU
		{BB6772F5-6E43-4A92-925D-4E3F85466923}.Debug|Any CPU.ActiveCfg = Debug|Any CPU
		{BB6772F5-6E43-4A92-925D-4E3F85466923}.Debug|Any CPU.Build.0 = Debug|Any CPU
		{BB6772F5-6E43-4A92-925D-4E3F85466923}.Release|Any CPU.ActiveCfg = Release|Any CPU
		{BB6772F5-6E43-4A92-925D-4E3F85466923}.Release|Any CPU.Build.0 = Release|Any CPU
		{FFEEB780-C51F-4465-994E-548F67C22F78}.Debug|Any CPU.ActiveCfg = Debug|Any CPU
		{FFEEB780-C51F-4465-994E-548F67C22F78}.Debug|Any CPU.Build.0 = Debug|Any CPU
		{FFEEB780-C51F-4465-994E-548F67C22F78}.Release|Any CPU.ActiveCfg = Release|Any CPU
		{FFEEB780-C51F-4465-994E-548F67C22F78}.Release|Any CPU.Build.0 = Release|Any CPU
	EndGlobalSection
	GlobalSection(SolutionProperties) = preSolution
		HideSolutionNode = FALSE
	EndGlobalSection
	GlobalSection(ExtensibilityGlobals) = postSolution
		SolutionGuid = {A08D1C4A-C075-4391-98DC-F63D81A2E9D0}
	EndGlobalSection
EndGlobal
