
Microsoft Visual Studio Solution File, Format Version 12.00
# Visual Studio Version 17
VisualStudioVersion = 17.7.34024.191
MinimumVisualStudioVersion = 10.0.40219.1
Project("{9A19103F-16F7-4668-BE54-9A1E7A4F7556}") = "orderDrink", "orderDrink\orderDrink.csproj", "{8F0D67A5-CEA7-4734-9574-509B581A99F0}"
EndProject
Project("{9A19103F-16F7-4668-BE54-9A1E7A4F7556}") = "WpfApp1", "WpfApp1\WpfApp1.csproj", "{F4A74D27-4BFA-4CCC-834F-D00846A32038}"
EndProject
Project("{9A19103F-16F7-4668-BE54-9A1E7A4F7556}") = "WpfApp2", "WpfApp2\WpfApp2.csproj", "{7A1C006C-3F64-4E0E-93CC-DBF900C6063B}"
EndProject
Project("{FAE04EC0-301F-11D3-BF4B-00C04F79EFBC}") = "TriangleCheck", "TriangleCheck\TriangleCheck.csproj", "{D44D6D32-367F-452C-B4BA-94A3B69C0F20}"
EndProject
Global
	GlobalSection(SolutionConfigurationPlatforms) = preSolution
		Debug|Any CPU = Debug|Any CPU
		Release|Any CPU = Release|Any CPU
	EndGlobalSection
	GlobalSection(ProjectConfigurationPlatforms) = postSolution
		{8F0D67A5-CEA7-4734-9574-509B581A99F0}.Debug|Any CPU.ActiveCfg = Debug|Any CPU
		{8F0D67A5-CEA7-4734-9574-509B581A99F0}.Debug|Any CPU.Build.0 = Debug|Any CPU
		{8F0D67A5-CEA7-4734-9574-509B581A99F0}.Release|Any CPU.ActiveCfg = Release|Any CPU
		{8F0D67A5-CEA7-4734-9574-509B581A99F0}.Release|Any CPU.Build.0 = Release|Any CPU
		{F4A74D27-4BFA-4CCC-834F-D00846A32038}.Debug|Any CPU.ActiveCfg = Debug|Any CPU
		{F4A74D27-4BFA-4CCC-834F-D00846A32038}.Debug|Any CPU.Build.0 = Debug|Any CPU
		{F4A74D27-4BFA-4CCC-834F-D00846A32038}.Release|Any CPU.ActiveCfg = Release|Any CPU
		{F4A74D27-4BFA-4CCC-834F-D00846A32038}.Release|Any CPU.Build.0 = Release|Any CPU
		{7A1C006C-3F64-4E0E-93CC-DBF900C6063B}.Debug|Any CPU.ActiveCfg = Debug|Any CPU
		{7A1C006C-3F64-4E0E-93CC-DBF900C6063B}.Debug|Any CPU.Build.0 = Debug|Any CPU
		{7A1C006C-3F64-4E0E-93CC-DBF900C6063B}.Release|Any CPU.ActiveCfg = Release|Any CPU
		{7A1C006C-3F64-4E0E-93CC-DBF900C6063B}.Release|Any CPU.Build.0 = Release|Any CPU
		{D44D6D32-367F-452C-B4BA-94A3B69C0F20}.Debug|Any CPU.ActiveCfg = Debug|Any CPU
		{D44D6D32-367F-452C-B4BA-94A3B69C0F20}.Debug|Any CPU.Build.0 = Debug|Any CPU
		{D44D6D32-367F-452C-B4BA-94A3B69C0F20}.Release|Any CPU.ActiveCfg = Release|Any CPU
		{D44D6D32-367F-452C-B4BA-94A3B69C0F20}.Release|Any CPU.Build.0 = Release|Any CPU
	EndGlobalSection
	GlobalSection(SolutionProperties) = preSolution
		HideSolutionNode = FALSE
	EndGlobalSection
	GlobalSection(ExtensibilityGlobals) = postSolution
		SolutionGuid = {A08D1C4A-C075-4391-98DC-F63D81A2E9D0}
	EndGlobalSection
EndGlobal
